
Microsoft Visual Studio Solution File, Format Version 12.00
# Visual Studio Version 16
VisualStudioVersion = 25.0.1704.5
MinimumVisualStudioVersion = 10.0.40219.1
Project("{FAE04EC0-301F-11D3-BF4B-00C04F79EFBC}") = "RankingReactApp", "RankingReactApp\RankingReactApp.csproj", "{F08BE6E9-6B76-49A3-8278-C1C09D768FE5}"
EndProject
Global
	GlobalSection(SolutionConfigurationPlatforms) = preSolution
		Debug|Any CPU = Debug|Any CPU
		Release|Any CPU = Release|Any CPU
	EndGlobalSection
	GlobalSection(ProjectConfigurationPlatforms) = postSolution
		{F08BE6E9-6B76-49A3-8278-C1C09D768FE5}.Debug|Any CPU.ActiveCfg = Debug|Any CPU
		{F08BE6E9-6B76-49A3-8278-C1C09D768FE5}.Debug|Any CPU.Build.0 = Debug|Any CPU
		{F08BE6E9-6B76-49A3-8278-C1C09D768FE5}.Release|Any CPU.ActiveCfg = Release|Any CPU
		{F08BE6E9-6B76-49A3-8278-C1C09D768FE5}.Release|Any CPU.Build.0 = Release|Any CPU
	EndGlobalSection
	GlobalSection(SolutionProperties) = preSolution
		HideSolutionNode = FALSE
	EndGlobalSection
	GlobalSection(ExtensibilityGlobals) = postSolution
		SolutionGuid = {8A5BB348-E584-4494-8E0F-2294E1244F52}
	EndGlobalSection
EndGlobal
